Microsoft Visual Studio Solution File, Format Version 12.00
# Visual Studio Version 17
VisualStudioVersion = 17.5.2.0
MinimumVisualStudioVersion = 10.0.40219.1
Project("{2150E333-8FDC-42A3-9474-1A3956D46DE8}") = "SerialPlotter", "SerialPlotter", "{8EB4A646-AD95-F569-C8A5-3B889DD48B99}"
EndProject
Project("{FAE04EC0-301F-11D3-BF4B-00C04F79EFBC}") = "SerialPlotter", "SerialPlotter\SerialPlotter\SerialPlotter.csproj", "{FF2871A5-0D33-F85D-775C-E2563965CE13}"
EndProject
Global
	GlobalSection(SolutionConfigurationPlatforms) = preSolution
		Debug|Any CPU = Debug|Any CPU
		Release|Any CPU = Release|Any CPU
	EndGlobalSection
	GlobalSection(ProjectConfigurationPlatforms) = postSolution
		{FF2871A5-0D33-F85D-775C-E2563965CE13}.Debug|Any CPU.ActiveCfg = Debug|Any CPU
		{FF2871A5-0D33-F85D-775C-E2563965CE13}.Debug|Any CPU.Build.0 = Debug|Any CPU
		{FF2871A5-0D33-F85D-775C-E2563965CE13}.Release|Any CPU.ActiveCfg = Release|Any CPU
		{FF2871A5-0D33-F85D-775C-E2563965CE13}.Release|Any CPU.Build.0 = Release|Any CPU
	EndGlobalSection
	GlobalSection(SolutionProperties) = preSolution
		HideSolutionNode = FALSE
	EndGlobalSection
	GlobalSection(NestedProjects) = preSolution
		{FF2871A5-0D33-F85D-775C-E2563965CE13} = {8EB4A646-AD95-F569-C8A5-3B889DD48B99}
	EndGlobalSection
	GlobalSection(ExtensibilityGlobals) = postSolution
		SolutionGuid = {D6AF9EFE-3239-4A74-A3B4-A775338EB00D}
	EndGlobalSection
EndGlobal
